<?xml version="1.0" encoding="utf-8"?>
<Project ToolsVersion="4.0" xmlns="http://schemas.microsoft.com/developer/msbuild/2003">
  <ItemGroup>
    <Filter Include="Source Files">
      <UniqueIdentifier>{4FC737F1-C7A5-4376-A066-2A32D752A2FF}</UniqueIdentifier>
      <Extensions>cpp;c;cc;cxx;def;odl;idl;hpj;bat;asm;asmx</Extensions>
    </Filter>
    <Filter Include="Header Files">
      <UniqueIdentifier>{93995380-89BD-4b04-88EB-625FBE52EBFB}</UniqueIdentifier>
      <Extensions>h;hh;hpp;hxx;hm;inl;inc;xsd</Extensions>
    </Filter>
    <Filter Include="Resource Files">
      <UniqueIdentifier>{67DA6AB6-F800-4c08-8B7A-83BB121AAD01}</UniqueIdentifier>
      <Extensions>rc;ico;cur;bmp;dlg;rc2;rct;bin;rgs;gif;jpg;jpeg;jpe;resx;tiff;tif;png;wav;mfcribbon-ms</Extensions>
    </Filter>
    <Filter Include="Source Files\Common">
      <UniqueIdentifier>{c92f7420-b70b-4be1-a2b8-8027cacd6d07}</UniqueIdentifier>
    </Filter>
    <Filter Include="Header Files\Common">
      <UniqueIdentifier>{8b2fe546-5ce4-49eb-a05a-ab8e98b67d5f}</UniqueIdentifier>
    </Filter>
    <Filter Include="Resource Files\Shaders">
      <UniqueIdentifier>{c8cde6c2-aa3b-45bd-8086-598d5845c9c3}</UniqueIdentifier>
    </Filter>
    <Filter Include="Source Files\Tools">
      <UniqueIdentifier>{3e568c50-db29-480a-977d-c8e3c9faf99e}</UniqueIdentifier>
    </Filter>
    <Filter Include="Header Files\Tools">
      <UniqueIdentifier>{a25f4f6d-5c5a-4cd4-9ee9-6e80fe045029}</UniqueIdentifier>
    </Filter>
    <Filter Include="Source Files\Particle System">
      <UniqueIdentifier>{e6825ee5-f3f2-47ae-a7e1-c3839158c393}</UniqueIdentifier>
    </Filter>
    <Filter Include="Header Files\Particle System">
      <UniqueIdentifier>{466c7fab-4ae3-43f3-860d-5b068fc918c4}</UniqueIdentifier>
    </Filter>
    <Filter Include="Libraries">
      <UniqueIdentifier>{bb8ea323-182e-47b4-871d-1fd845983aa7}</UniqueIdentifier>
    </Filter>
    <Filter Include="Libraries\GUI">
      <UniqueIdentifier>{be01d90b-21e7-453a-b6ff-27f7b19154c9}</UniqueIdentifier>
    </Filter>
    <Filter Include="Libraries\Headers">
      <UniqueIdentifier>{91f144eb-0ec4-4094-8ede-61fc59851e8b}</UniqueIdentifier>
    </Filter>
    <Filter Include="Libraries\Headers\GUI">
      <UniqueIdentifier>{b166a86b-bd49-41f9-bdbb-76b86bbed13e}</UniqueIdentifier>
    </Filter>
  </ItemGroup>
  <ItemGroup>
    <ClCompile Include="Common\MathHelper.cpp">
      <Filter>Source Files\Common</Filter>
    </ClCompile>
    <ClCompile Include="Common\Camera.cpp">
      <Filter>Source Files\Common</Filter>
    </ClCompile>
    <ClCompile Include="Common\d3dApp.cpp">
      <Filter>Source Files\Common</Filter>
    </ClCompile>
    <ClCompile Include="Common\d3dUtil.cpp">
      <Filter>Source Files\Common</Filter>
    </ClCompile>
    <ClCompile Include="Common\DDSTextureLoader.cpp">
      <Filter>Source Files\Common</Filter>
    </ClCompile>
    <ClCompile Include="Common\GameTimer.cpp">
      <Filter>Source Files\Common</Filter>
    </ClCompile>
    <ClCompile Include="Common\GeometryGenerator.cpp">
      <Filter>Source Files\Common</Filter>
    </ClCompile>
    <ClCompile Include="App.cpp">
      <Filter>Source Files</Filter>
    </ClCompile>
    <ClCompile Include="Controls.cpp">
      <Filter>Source Files\Tools</Filter>
    </ClCompile>
    <ClCompile Include="ParticleManager.cpp">
      <Filter>Source Files\Particle System</Filter>
    </ClCompile>
    <ClCompile Include="imgui-master\imgui.cpp">
      <Filter>Libraries\GUI</Filter>
    </ClCompile>
    <ClCompile Include="imgui-master\imgui_demo.cpp">
      <Filter>Libraries\GUI</Filter>
    </ClCompile>
    <ClCompile Include="imgui-master\imgui_draw.cpp">
      <Filter>Libraries\GUI</Filter>
    </ClCompile>
    <ClCompile Include="imgui-master\imgui_widgets.cpp">
      <Filter>Libraries\GUI</Filter>
    </ClCompile>
    <ClCompile Include="imgui-master\imgui_impl_dx12.cpp">
      <Filter>Libraries\GUI</Filter>
    </ClCompile>
    <ClCompile Include="imgui-master\imgui_impl_win32.cpp">
      <Filter>Libraries\GUI</Filter>
    </ClCompile>
    <ClCompile Include="UI.cpp">
      <Filter>Source Files\Tools</Filter>
    </ClCompile>
    <ClCompile Include="ModelLoader.cpp">
      <Filter>Source Files\Tools</Filter>
    </ClCompile>
    <ClCompile Include="GPUParticleManager.cpp">
      <Filter>Source Files\Particle System</Filter>
    </ClCompile>
    <ClCompile Include="ACParticleSystem.cpp">
      <Filter>Source Files\Particle System</Filter>
    </ClCompile>
  </ItemGroup>
  <ItemGroup>
    <ClInclude Include="Common\Camera.h">
      <Filter>Header Files\Common</Filter>
    </ClInclude>
    <ClInclude Include="Common\d3dApp.h">
      <Filter>Header Files\Common</Filter>
    </ClInclude>
    <ClInclude Include="Common\d3dUtil.h">
      <Filter>Header Files\Common</Filter>
    </ClInclude>
    <ClInclude Include="Common\d3dx12.h">
      <Filter>Header Files\Common</Filter>
    </ClInclude>
    <ClInclude Include="Common\DDSTextureLoader.h">
      <Filter>Header Files\Common</Filter>
    </ClInclude>
    <ClInclude Include="Common\GameTimer.h">
      <Filter>Header Files\Common</Filter>
    </ClInclude>
    <ClInclude Include="Common\GeometryGenerator.h">
      <Filter>Header Files\Common</Filter>
    </ClInclude>
    <ClInclude Include="Common\MathHelper.h">
      <Filter>Header Files\Common</Filter>
    </ClInclude>
    <ClInclude Include="Common\UploadBuffer.h">
      <Filter>Header Files\Common</Filter>
    </ClInclude>
    <ClInclude Include="stdafx.h">
      <Filter>Header Files</Filter>
    </ClInclude>
    <ClInclude Include="App.h">
      <Filter>Header Files</Filter>
    </ClInclude>
    <ClInclude Include="Controls.h">
      <Filter>Header Files\Tools</Filter>
    </ClInclude>
    <ClInclude Include="ParticleManager.h">
      <Filter>Header Files\Particle System</Filter>
    </ClInclude>
    <ClInclude Include="imgui-master\imconfig.h">
      <Filter>Libraries\Headers\GUI</Filter>
    </ClInclude>
    <ClInclude Include="imgui-master\imgui.h">
      <Filter>Libraries\Headers\GUI</Filter>
    </ClInclude>
    <ClInclude Include="imgui-master\imgui_internal.h">
      <Filter>Libraries\Headers\GUI</Filter>
    </ClInclude>
    <ClInclude Include="imgui-master\imstb_rectpack.h">
      <Filter>Libraries\Headers\GUI</Filter>
    </ClInclude>
    <ClInclude Include="imgui-master\imstb_textedit.h">
      <Filter>Libraries\Headers\GUI</Filter>
    </ClInclude>
    <ClInclude Include="imgui-master\imstb_truetype.h">
      <Filter>Libraries\Headers\GUI</Filter>
    </ClInclude>
    <ClInclude Include="imgui-master\imgui_impl_dx12.h">
      <Filter>Libraries\Headers\GUI</Filter>
    </ClInclude>
    <ClInclude Include="imgui-master\imgui_impl_win32.h">
      <Filter>Libraries\Headers\GUI</Filter>
    </ClInclude>
    <ClInclude Include="UI.h">
      <Filter>Header Files\Tools</Filter>
    </ClInclude>
    <ClInclude Include="ModelLoader.h">
      <Filter>Header Files\Tools</Filter>
    </ClInclude>
    <ClInclude Include="GPUParticleManager.h">
      <Filter>Header Files\Particle System</Filter>
    </ClInclude>
    <ClInclude Include="ACParticleSystem.h">
      <Filter>Header Files\Particle System</Filter>
    </ClInclude>
  </ItemGroup>
  <ItemGroup>
    <FxCompile Include="Shaders\colorVS.hlsl">
      <Filter>Resource Files\Shaders</Filter>
    </FxCompile>
    <FxCompile Include="Shaders\colorPS.hlsl">
      <Filter>Resource Files\Shaders</Filter>
    </FxCompile>
    <FxCompile Include="Shaders\particleCS.hlsl">
      <Filter>Resource Files\Shaders</Filter>
    </FxCompile>
  </ItemGroup>
</Project>